
Microsoft Visual Studio Solution File, Format Version 12.00
# Visual Studio 2013
VisualStudioVersion = 12.0.21005.1
MinimumVisualStudioVersion = 10.0.40219.1
Project("{FAE04EC0-301F-11D3-BF4B-00C04F79EFBC}") = "MFC", "MFC\MFC.csproj", "{68FA2466-2CB2-4D5B-86B0-A7CF92F9E369}"
EndProject
Project("{FAE04EC0-301F-11D3-BF4B-00C04F79EFBC}") = "MFC-2GUN", "MFC-2GUN\MFC-2GUN.csproj", "{426DF65C-D467-44A3-93B8-6E9ECBDA66FF}"
EndProject
Global
	GlobalSection(SolutionConfigurationPlatforms) = preSolution
		Debug|Any CPU = Debug|Any CPU
		Release|Any CPU = Release|Any CPU
	EndGlobalSection
	GlobalSection(ProjectConfigurationPlatforms) = postSolution
		{68FA2466-2CB2-4D5B-86B0-A7CF92F9E369}.Debug|Any CPU.ActiveCfg = Debug|Any CPU
		{68FA2466-2CB2-4D5B-86B0-A7CF92F9E369}.Debug|Any CPU.Build.0 = Debug|Any CPU
		{68FA2466-2CB2-4D5B-86B0-A7CF92F9E369}.Release|Any CPU.ActiveCfg = Release|Any CPU
		{68FA2466-2CB2-4D5B-86B0-A7CF92F9E369}.Release|Any CPU.Build.0 = Release|Any CPU
		{426DF65C-D467-44A3-93B8-6E9ECBDA66FF}.Debug|Any CPU.ActiveCfg = Debug|Any CPU
		{426DF65C-D467-44A3-93B8-6E9ECBDA66FF}.Debug|Any CPU.Build.0 = Debug|Any CPU
		{426DF65C-D467-44A3-93B8-6E9ECBDA66FF}.Release|Any CPU.ActiveCfg = Release|Any CPU
		{426DF65C-D467-44A3-93B8-6E9ECBDA66FF}.Release|Any CPU.Build.0 = Release|Any CPU
	EndGlobalSection
	GlobalSection(SolutionProperties) = preSolution
		HideSolutionNode = FALSE
	EndGlobalSection
EndGlobal
